// !$*UTF8*$!
{
	archiveVersion = 1;
	classes = {
	};
	objectVersion = 48;
	objects = {

/* Begin PBXBuildFile section */
		F8BF67061F65B1C600ECC4B4 /* pitch3.jpg in Resources */ = {isa = PBXBuildFile; fileRef = F8BF67051F65B1C400ECC4B4 /* pitch3.jpg */; };
		F8BF670C1F65C13200ECC4B4 /* FootballPlayer.swift in Sources */ = {isa = PBXBuildFile; fileRef = F8BF670B1F65C13200ECC4B4 /* FootballPlayer.swift */; };
		F8F01C911F5893BF004B8627 /* AppDelegate.swift in Sources */ = {isa = PBXBuildFile; fileRef = F8F01C901F5893BF004B8627 /* AppDelegate.swift */; };
		F8F01C931F5893BF004B8627 /* ViewController.swift in Sources */ = {isa = PBXBuildFile; fileRef = F8F01C921F5893BF004B8627 /* ViewController.swift */; };
		F8F01C961F5893BF004B8627 /* Main.storyboard in Resources */ = {isa = PBXBuildFile; fileRef = F8F01C941F5893BF004B8627 /* Main.storyboard */; };
		F8F01C991F5893BF004B8627 /* Scout.xcdatamodeld in Sources */ = {isa = PBXBuildFile; fileRef = F8F01C971F5893BF004B8627 /* Scout.xcdatamodeld */; };
		F8F01C9B1F5893BF004B8627 /* Assets.xcassets in Resources */ = {isa = PBXBuildFile; fileRef = F8F01C9A1F5893BF004B8627 /* Assets.xcassets */; };
		F8F01C9E1F5893BF004B8627 /* LaunchScreen.storyboard in Resources */ = {isa = PBXBuildFile; fileRef = F8F01C9C1F5893BF004B8627 /* LaunchScreen.storyboard */; };
		F8F01CA71F58A0DD004B8627 /* scout.jpg in Resources */ = {isa = PBXBuildFile; fileRef = F8F01CA61F589B10004B8627 /* scout.jpg */; };
		F8F01CA91F58ADA0004B8627 /* pitch.jpg in Resources */ = {isa = PBXBuildFile; fileRef = F8F01CA81F58AD9C004B8627 /* pitch.jpg */; };
		F8F01CAB1F58CD99004B8627 /* ball2.png in Resources */ = {isa = PBXBuildFile; fileRef = F8F01CAA1F58CD94004B8627 /* ball2.png */; };
		F8F01CAD1F5B199D004B8627 /* CommonExtensions.swift in Sources */ = {isa = PBXBuildFile; fileRef = F8F01CAC1F5B199D004B8627 /* CommonExtensions.swift */; };
		F8F535241F58C5300055099A /* ball.jpg in Resources */ = {isa = PBXBuildFile; fileRef = F8F535231F58C5300055099A /* ball.jpg */; };
/* End PBXBuildFile section */

/* Begin PBXFileReference section */
		F8BF67051F65B1C400ECC4B4 /* pitch3.jpg */ = {isa = PBXFileReference; lastKnownFileType = image.jpeg; path = pitch3.jpg; sourceTree = "<group>"; };
		F8BF670B1F65C13200ECC4B4 /* FootballPlayer.swift */ = {isa = PBXFileReference; lastKnownFileType = sourcecode.swift; path = FootballPlayer.swift; sourceTree = "<group>"; };
		F8F01C8D1F5893BF004B8627 /* Scout.app */ = {isa = PBXFileReference; explicitFileType = wrapper.application; includeInIndex = 0; path = Scout.app; sourceTree = BUILT_PRODUCTS_DIR; };
		F8F01C901F5893BF004B8627 /* AppDelegate.swift */ = {isa = PBXFileReference; lastKnownFileType = sourcecode.swift; path = AppDelegate.swift; sourceTree = "<group>"; };
		F8F01C921F5893BF004B8627 /* ViewController.swift */ = {isa = PBXFileReference; lastKnownFileType = sourcecode.swift; path = ViewController.swift; sourceTree = "<group>"; };
		F8F01C951F5893BF004B8627 /* Base */ = {isa = PBXFileReference; lastKnownFileType = file.storyboard; name = Base; path = Base.lproj/Main.storyboard; sourceTree = "<group>"; };
		F8F01C981F5893BF004B8627 /* Scout.xcdatamodel */ = {isa = PBXFileReference; lastKnownFileType = wrapper.xcdatamodel; path = Scout.xcdatamodel; sourceTree = "<group>"; };
		F8F01C9A1F5893BF004B8627 /* Assets.xcassets */ = {isa = PBXFileReference; lastKnownFileType = folder.assetcatalog; path = Assets.xcassets; sourceTree = "<group>"; };
		F8F01C9D1F5893BF004B8627 /* Base */ = {isa = PBXFileReference; lastKnownFileType = file.storyboard; name = Base; path = Base.lproj/LaunchScreen.storyboard; sourceTree = "<group>"; };
		F8F01C9F1F5893BF004B8627 /* Info.plist */ = {isa = PBXFileReference; lastKnownFileType = text.plist.xml; path = Info.plist; sourceTree = "<group>"; };
		F8F01CA61F589B10004B8627 /* scout.jpg */ = {isa = PBXFileReference; lastKnownFileType = image.jpeg; path = scout.jpg; sourceTree = "<group>"; };
		F8F01CA81F58AD9C004B8627 /* pitch.jpg */ = {isa = PBXFileReference; lastKnownFileType = image.jpeg; path = pitch.jpg; sourceTree = "<group>"; };
		F8F01CAA1F58CD94004B8627 /* ball2.png */ = {isa = PBXFileReference; lastKnownFileType = image.png; path = ball2.png; sourceTree = "<group>"; };
		F8F01CAC1F5B199D004B8627 /* CommonExtensions.swift */ = {isa = PBXFileReference; lastKnownFileType = sourcecode.swift; path = CommonExtensions.swift; sourceTree = "<group>"; };
		F8F535231F58C5300055099A /* ball.jpg */ = {isa = PBXFileReference; lastKnownFileType = image.jpeg; path = ball.jpg; sourceTree = "<group>"; };
/* End PBXFileReference section */

/* Begin PBXFrameworksBuildPhase section */
		F8F01C8A1F5893BF004B8627 /* Frameworks */ = {
			isa = PBXFrameworksBuildPhase;
			buildActionMask = 2147483647;
			files = (
			);
			runOnlyForDeploymentPostprocessing = 0;
		};
/* End PBXFrameworksBuildPhase section */

/* Begin PBXGroup section */
		F8BF67041F65B03600ECC4B4 /* Assets */ = {
			isa = PBXGroup;
			children = (
				F8F01CAA1F58CD94004B8627 /* ball2.png */,
				F8F01CA81F58AD9C004B8627 /* pitch.jpg */,
				F8F535231F58C5300055099A /* ball.jpg */,
				F8BF67051F65B1C400ECC4B4 /* pitch3.jpg */,
				F8F01CA61F589B10004B8627 /* scout.jpg */,
			);
			path = Assets;
			sourceTree = "<group>";
		};
		F8BF67091F65B86D00ECC4B4 /* Utils */ = {
			isa = PBXGroup;
			children = (
				F8F01CAC1F5B199D004B8627 /* CommonExtensions.swift */,
			);
			path = Utils;
			sourceTree = "<group>";
		};
		F8BF670A1F65B87F00ECC4B4 /* Controllers */ = {
			isa = PBXGroup;
			children = (
				F8F01C921F5893BF004B8627 /* ViewController.swift */,
				F8BF670B1F65C13200ECC4B4 /* FootballPlayer.swift */,
			);
			path = Controllers;
			sourceTree = "<group>";
		};
		F8F01C841F5893BF004B8627 = {
			isa = PBXGroup;
			children = (
				F8F01C8F1F5893BF004B8627 /* Scout */,
				F8F01C8E1F5893BF004B8627 /* Products */,
			);
			sourceTree = "<group>";
		};
		F8F01C8E1F5893BF004B8627 /* Products */ = {
			isa = PBXGroup;
			children = (
				F8F01C8D1F5893BF004B8627 /* Scout.app */,
			);
			name = Products;
			sourceTree = "<group>";
		};
		F8F01C8F1F5893BF004B8627 /* Scout */ = {
			isa = PBXGroup;
			children = (
				F8F01C901F5893BF004B8627 /* AppDelegate.swift */,
				F8BF67041F65B03600ECC4B4 /* Assets */,
				F8BF67091F65B86D00ECC4B4 /* Utils */,
				F8BF670A1F65B87F00ECC4B4 /* Controllers */,
				F8F01C941F5893BF004B8627 /* Main.storyboard */,
				F8F01C9A1F5893BF004B8627 /* Assets.xcassets */,
				F8F01C9C1F5893BF004B8627 /* LaunchScreen.storyboard */,
				F8F01C9F1F5893BF004B8627 /* Info.plist */,
				F8F01C971F5893BF004B8627 /* Scout.xcdatamodeld */,
			);
			path = Scout;
			sourceTree = "<group>";
		};
/* End PBXGroup section */

/* Begin PBXNativeTarget section */
		F8F01C8C1F5893BF004B8627 /* Scout */ = {
			isa = PBXNativeTarget;
			buildConfigurationList = F8F01CA21F5893BF004B8627 /* Build configuration list for PBXNativeTarget "Scout" */;
			buildPhases = (
				F8F01C891F5893BF004B8627 /* Sources */,
				F8F01C8A1F5893BF004B8627 /* Frameworks */,
				F8F01C8B1F5893BF004B8627 /* Resources */,
			);
			buildRules = (
			);
			dependencies = (
			);
			name = Scout;
			productName = Scout;
			productReference = F8F01C8D1F5893BF004B8627 /* Scout.app */;
			productType = "com.apple.product-type.application";
		};
/* End PBXNativeTarget section */

/* Begin PBXProject section */
		F8F01C851F5893BF004B8627 /* Project object */ = {
			isa = PBXProject;
			attributes = {
				LastSwiftUpdateCheck = 0900;
				LastUpgradeCheck = 0900;
				ORGANIZATIONNAME = "Stefan Olaru";
				TargetAttributes = {
					F8F01C8C1F5893BF004B8627 = {
						CreatedOnToolsVersion = 9.0;
					};
				};
			};
			buildConfigurationList = F8F01C881F5893BF004B8627 /* Build configuration list for PBXProject "Scout" */;
			compatibilityVersion = "Xcode 8.0";
			developmentRegion = en;
			hasScannedForEncodings = 0;
			knownRegions = (
				en,
				Base,
			);
			mainGroup = F8F01C841F5893BF004B8627;
			productRefGroup = F8F01C8E1F5893BF004B8627 /* Products */;
			projectDirPath = "";
			projectRoot = "";
			targets = (
				F8F01C8C1F5893BF004B8627 /* Scout */,
			);
		};
/* End PBXProject section */

/* Begin PBXResourcesBuildPhase section */
		F8F01C8B1F5893BF004B8627 /* Resources */ = {
			isa = PBXResourcesBuildPhase;
			buildActionMask = 2147483647;
			files = (
				F8F01C9E1F5893BF004B8627 /* LaunchScreen.storyboard in Resources */,
				F8F01CA91F58ADA0004B8627 /* pitch.jpg in Resources */,
				F8F01C9B1F5893BF004B8627 /* Assets.xcassets in Resources */,
				F8F01CA71F58A0DD004B8627 /* scout.jpg in Resources */,
				F8BF67061F65B1C600ECC4B4 /* pitch3.jpg in Resources */,
				F8F535241F58C5300055099A /* ball.jpg in Resources */,
				F8F01CAB1F58CD99004B8627 /* ball2.png in Resources */,
				F8F01C961F5893BF004B8627 /* Main.storyboard in Resources */,
			);
			runOnlyForDeploymentPostprocessing = 0;
		};
/* End PBXResourcesBuildPhase section */

/* Begin PBXSourcesBuildPhase section */
		F8F01C891F5893BF004B8627 /* Sources */ = {
			isa = PBXSourcesBuildPhase;
			buildActionMask = 2147483647;
			files = (
				F8F01C931F5893BF004B8627 /* ViewController.swift in Sources */,
				F8F01C911F5893BF004B8627 /* AppDelegate.swift in Sources */,
				F8F01CAD1F5B199D004B8627 /* CommonExtensions.swift in Sources */,
				F8F01C991F5893BF004B8627 /* Scout.xcdatamodeld in Sources */,
				F8BF670C1F65C13200ECC4B4 /* FootballPlayer.swift in Sources */,
			);
			runOnlyForDeploymentPostprocessing = 0;
		};
/* End PBXSourcesBuildPhase section */

/* Begin PBXVariantGroup section */
		F8F01C941F5893BF004B8627 /* Main.storyboard */ = {
			isa = PBXVariantGroup;
			children = (
				F8F01C951F5893BF004B8627 /* Base */,
			);
			name = Main.storyboard;
			sourceTree = "<group>";
		};
		F8F01C9C1F5893BF004B8627 /* LaunchScreen.storyboard */ = {
			isa = PBXVariantGroup;
			children = (
				F8F01C9D1F5893BF004B8627 /* Base */,
			);
			name = LaunchScreen.storyboard;
			sourceTree = "<group>";
		};
/* End PBXVariantGroup section */

/* Begin XCBuildConfiguration section */
		F8F01CA01F5893BF004B8627 /* Debug */ = {
			isa = XCBuildConfiguration;
			buildSettings = {
				ALWAYS_SEARCH_USER_PATHS = NO;
				CLANG_ANALYZER_NONNULL = YES;
				CLANG_ANALYZER_NUMBER_OBJECT_CONVERSION = YES_AGGRESSIVE;
				CLANG_CXX_LANGUAGE_STANDARD = "gnu++14";
				CLANG_CXX_LIBRARY = "libc++";
				CLANG_ENABLE_MODULES = YES;
				CLANG_ENABLE_OBJC_ARC = YES;
				CLANG_WARN_BLOCK_CAPTURE_AUTORELEASING = YES;
				CLANG_WARN_BOOL_CONVERSION = YES;
				CLANG_WARN_COMMA = YES;
				CLANG_WARN_CONSTANT_CONVERSION = YES;
				CLANG_WARN_DIRECT_OBJC_ISA_USAGE = YES_ERROR;
				CLANG_WARN_DOCUMENTATION_COMMENTS = YES;
				CLANG_WARN_EMPTY_BODY = YES;
				CLANG_WARN_ENUM_CONVERSION = YES;
				CLANG_WARN_INFINITE_RECURSION = YES;
				CLANG_WARN_INT_CONVERSION = YES;
				CLANG_WARN_NON_LITERAL_NULL_CONVERSION = YES;
				CLANG_WARN_OBJC_LITERAL_CONVERSION = YES;
				CLANG_WARN_OBJC_ROOT_CLASS = YES_ERROR;
				CLANG_WARN_RANGE_LOOP_ANALYSIS = YES;
				CLANG_WARN_STRICT_PROTOTYPES = YES;
				CLANG_WARN_SUSPICIOUS_MOVE = YES;
				CLANG_WARN_UNGUARDED_AVAILABILITY = YES_AGGRESSIVE;
				CLANG_WARN_UNREACHABLE_CODE = YES;
				CLANG_WARN__DUPLICATE_METHOD_MATCH = YES;
				CODE_SIGN_IDENTITY = "iPhone Developer";
				COPY_PHASE_STRIP = NO;
				DEBUG_INFORMATION_FORMAT = dwarf;
				ENABLE_STRICT_OBJC_MSGSEND = YES;
				ENABLE_TESTABILITY = YES;
				GCC_C_LANGUAGE_STANDARD = gnu11;
				GCC_DYNAMIC_NO_PIC = NO;
				GCC_NO_COMMON_BLOCKS = YES;
				GCC_OPTIMIZATION_LEVEL = 0;
				GCC_PREPROCESSOR_DEFINITIONS = (
					"DEBUG=1",
					"$(inherited)",
				);
				GCC_WARN_64_TO_32_BIT_CONVERSION = YES;
				GCC_WARN_ABOUT_RETURN_TYPE = YES_ERROR;
				GCC_WARN_UNDECLARED_SELECTOR = YES;
				GCC_WARN_UNINITIALIZED_AUTOS = YES_AGGRESSIVE;
				GCC_WARN_UNUSED_FUNCTION = YES;
				GCC_WARN_UNUSED_VARIABLE = YES;
				IPHONEOS_DEPLOYMENT_TARGET = 11.0;
				MTL_ENABLE_DEBUG_INFO = YES;
				ONLY_ACTIVE_ARCH = YES;
				SDKROOT = iphoneos;
				SWIFT_ACTIVE_COMPILATION_CONDITIONS = DEBUG;
				SWIFT_OPTIMIZATION_LEVEL = "-Onone";
			};
			name = Debug;
		};
		F8F01CA11F5893BF004B8627 /* Release */ = {
			isa = XCBuildConfiguration;
			buildSettings = {
				ALWAYS_SEARCH_USER_PATHS = NO;
				CLANG_ANALYZER_NONNULL = YES;
				CLANG_ANALYZER_NUMBER_OBJECT_CONVERSION = YES_AGGRESSIVE;
				CLANG_CXX_LANGUAGE_STANDARD = "gnu++14";
				CLANG_CXX_LIBRARY = "libc++";
				CLANG_ENABLE_MODULES = YES;
				CLANG_ENABLE_OBJC_ARC = YES;
				CLANG_WARN_BLOCK_CAPTURE_AUTORELEASING = YES;
				CLANG_WARN_BOOL_CONVERSION = YES;
				CLANG_WARN_COMMA = YES;
				CLANG_WARN_CONSTANT_CONVERSION = YES;
				CLANG_WARN_DIRECT_OBJC_ISA_USAGE = YES_ERROR;
				CLANG_WARN_DOCUMENTATION_COMMENTS = YES;
				CLANG_WARN_EMPTY_BODY = YES;
				CLANG_WARN_ENUM_CONVERSION = YES;
				CLANG_WARN_INFINITE_RECURSION = YES;
				CLANG_WARN_INT_CONVERSION = YES;
				CLANG_WARN_NON_LITERAL_NULL_CONVERSION = YES;
				CLANG_WARN_OBJC_LITERAL_CONVERSION = YES;
				CLANG_WARN_OBJC_ROOT_CLASS = YES_ERROR;
				CLANG_WARN_RANGE_LOOP_ANALYSIS = YES;
				CLANG_WARN_STRICT_PROTOTYPES = YES;
				CLANG_WARN_SUSPICIOUS_MOVE = YES;
				CLANG_WARN_UNGUARDED_AVAILABILITY = YES_AGGRESSIVE;
				CLANG_WARN_UNREACHABLE_CODE = YES;
				CLANG_WARN__DUPLICATE_METHOD_MATCH = YES;
				CODE_SIGN_IDENTITY = "iPhone Developer";
				COPY_PHASE_STRIP = NO;
				DEBUG_INFORMATION_FORMAT = "dwarf-with-dsym";
				ENABLE_NS_ASSERTIONS = NO;
				ENABLE_STRICT_OBJC_MSGSEND = YES;
				GCC_C_LANGUAGE_STANDARD = gnu11;
				GCC_NO_COMMON_BLOCKS = YES;
				GCC_WARN_64_TO_32_BIT_CONVERSION = YES;
				GCC_WARN_ABOUT_RETURN_TYPE = YES_ERROR;
				GCC_WARN_UNDECLARED_SELECTOR = YES;
				GCC_WARN_UNINITIALIZED_AUTOS = YES_AGGRESSIVE;
				GCC_WARN_UNUSED_FUNCTION = YES;
				GCC_WARN_UNUSED_VARIABLE = YES;
				IPHONEOS_DEPLOYMENT_TARGET = 11.0;
				MTL_ENABLE_DEBUG_INFO = NO;
				SDKROOT = iphoneos;
				SWIFT_OPTIMIZATION_LEVEL = "-Owholemodule";
				VALIDATE_PRODUCT = YES;
			};
			name = Release;
		};
		F8F01CA31F5893BF004B8627 /* Debug */ = {
			isa = XCBuildConfiguration;
			buildSettings = {
				ASSETCATALOG_COMPILER_APPICON_NAME = AppIcon;
				DEVELOPMENT_TEAM = A2C6JKA9KY;
				INFOPLIST_FILE = Scout/Info.plist;
				IPHONEOS_DEPLOYMENT_TARGET = 10.0;
				LD_RUNPATH_SEARCH_PATHS = "$(inherited) @executable_path/Frameworks";
				PRODUCT_BUNDLE_IDENTIFIER = productive.Scout;
				PRODUCT_NAME = "$(TARGET_NAME)";
				SWIFT_VERSION = 4.0;
				TARGETED_DEVICE_FAMILY = "1,2";
			};
			name = Debug;
		};
		F8F01CA41F5893BF004B8627 /* Release */ = {
			isa = XCBuildConfiguration;
			buildSettings = {
				ASSETCATALOG_COMPILER_APPICON_NAME = AppIcon;
				DEVELOPMENT_TEAM = A2C6JKA9KY;
				INFOPLIST_FILE = Scout/Info.plist;
				IPHONEOS_DEPLOYMENT_TARGET = 10.0;
				LD_RUNPATH_SEARCH_PATHS = "$(inherited) @executable_path/Frameworks";
				PRODUCT_BUNDLE_IDENTIFIER = productive.Scout;
				PRODUCT_NAME = "$(TARGET_NAME)";
				SWIFT_VERSION = 4.0;
				TARGETED_DEVICE_FAMILY = "1,2";
			};
			name = Release;
		};
/* End XCBuildConfiguration section */

/* Begin XCConfigurationList section */
		F8F01C881F5893BF004B8627 /* Build configuration list for PBXProject "Scout" */ = {
			isa = XCConfigurationList;
			buildConfigurations = (
				F8F01CA01F5893BF004B8627 /* Debug */,
				F8F01CA11F5893BF004B8627 /* Release */,
			);
			defaultConfigurationIsVisible = 0;
			defaultConfigurationName = Release;
		};
		F8F01CA21F5893BF004B8627 /* Build configuration list for PBXNativeTarget "Scout" */ = {
			isa = XCConfigurationList;
			buildConfigurations = (
				F8F01CA31F5893BF004B8627 /* Debug */,
				F8F01CA41F5893BF004B8627 /* Release */,
			);
			defaultConfigurationIsVisible = 0;
			defaultConfigurationName = Release;
		};
/* End XCConfigurationList section */

/* Begin XCVersionGroup section */
		F8F01C971F5893BF004B8627 /* Scout.xcdatamodeld */ = {
			isa = XCVersionGroup;
			children = (
				F8F01C981F5893BF004B8627 /* Scout.xcdatamodel */,
			);
			currentVersion = F8F01C981F5893BF004B8627 /* Scout.xcdatamodel */;
			path = Scout.xcdatamodeld;
			sourceTree = "<group>";
			versionGroupType = wrapper.xcdatamodel;
		};
/* End XCVersionGroup section */
	};
	rootObject = F8F01C851F5893BF004B8627 /* Project object */;
}
